
Microsoft Visual Studio Solution File, Format Version 12.00
# Visual Studio Version 16
VisualStudioVersion = 16.0.30804.86
MinimumVisualStudioVersion = 10.0.40219.1
Project("{FAE04EC0-301F-11D3-BF4B-00C04F79EFBC}") = "NumberName", "NumberName\NumberName.csproj", "{BFE57802-123D-4C56-A3DA-8BC5421DE5EA}"
EndProject
Global
	GlobalSection(SolutionConfigurationPlatforms) = preSolution
		Debug|Any CPU = Debug|Any CPU
		Release|Any CPU = Release|Any CPU
	EndGlobalSection
	GlobalSection(ProjectConfigurationPlatforms) = postSolution
		{BFE57802-123D-4C56-A3DA-8BC5421DE5EA}.Debug|Any CPU.ActiveCfg = Debug|Any CPU
		{BFE57802-123D-4C56-A3DA-8BC5421DE5EA}.Debug|Any CPU.Build.0 = Debug|Any CPU
		{BFE57802-123D-4C56-A3DA-8BC5421DE5EA}.Release|Any CPU.ActiveCfg = Release|Any CPU
		{BFE57802-123D-4C56-A3DA-8BC5421DE5EA}.Release|Any CPU.Build.0 = Release|Any CPU
	EndGlobalSection
	GlobalSection(SolutionProperties) = preSolution
		HideSolutionNode = FALSE
	EndGlobalSection
	GlobalSection(ExtensibilityGlobals) = postSolution
		SolutionGuid = {264B91CB-47E1-4F18-928F-72106BD5BE9F}
	EndGlobalSection
EndGlobal
