
Microsoft Visual Studio Solution File, Format Version 12.00
# Visual Studio Version 16
VisualStudioVersion = 16.0.30804.86
MinimumVisualStudioVersion = 10.0.40219.1
Project("{FAE04EC0-301F-11D3-BF4B-00C04F79EFBC}") = "NumberToWordConversion", "NumberToWordConversion.csproj", "{1342187B-D267-4B1F-9324-A600A35725B7}"
EndProject
Global
	GlobalSection(SolutionConfigurationPlatforms) = preSolution
		Debug|Any CPU = Debug|Any CPU
		Release|Any CPU = Release|Any CPU
	EndGlobalSection
	GlobalSection(ProjectConfigurationPlatforms) = postSolution
		{1342187B-D267-4B1F-9324-A600A35725B7}.Debug|Any CPU.ActiveCfg = Debug|Any CPU
		{1342187B-D267-4B1F-9324-A600A35725B7}.Debug|Any CPU.Build.0 = Debug|Any CPU
		{1342187B-D267-4B1F-9324-A600A35725B7}.Release|Any CPU.ActiveCfg = Release|Any CPU
		{1342187B-D267-4B1F-9324-A600A35725B7}.Release|Any CPU.Build.0 = Release|Any CPU
	EndGlobalSection
	GlobalSection(SolutionProperties) = preSolution
		HideSolutionNode = FALSE
	EndGlobalSection
	GlobalSection(ExtensibilityGlobals) = postSolution
		SolutionGuid = {2C290C12-C70A-4989-8473-2E6CDC37BFF0}
	EndGlobalSection
EndGlobal
